
Microsoft Visual Studio Solution File, Format Version 12.00
# Visual Studio Version 16
VisualStudioVersion = 16.0.30907.101
MinimumVisualStudioVersion = 10.0.40219.1
Project("{2150E333-8FDC-42A3-9474-1A3956D46DE8}") = "Services", "Services", "{12C43D91-FC82-4F5B-AFEC-D8A70E0B9916}"
EndProject
Project("{2150E333-8FDC-42A3-9474-1A3956D46DE8}") = "WebApps", "WebApps", "{4918BB13-63CF-429A-9BBE-7829FEDEE071}"
EndProject
Project("{2150E333-8FDC-42A3-9474-1A3956D46DE8}") = "Cadastros", "Cadastros", "{D004E2C8-E49A-4E5F-8F74-62F989C332C8}"
EndProject
Project("{2150E333-8FDC-42A3-9474-1A3956D46DE8}") = "Catalogo", "Catalogo", "{2DAD737B-03F8-47CD-AD36-9887A2A3C722}"
EndProject
Project("{2150E333-8FDC-42A3-9474-1A3956D46DE8}") = "Core", "Core", "{AFE22BE1-DDAF-4C71-882F-1744B443696E}"
EndProject
Project("{2150E333-8FDC-42A3-9474-1A3956D46DE8}") = "Fiscal", "Fiscal", "{81A9F6C2-1AE8-4809-A78F-E23016F73B5F}"
EndProject
Project("{2150E333-8FDC-42A3-9474-1A3956D46DE8}") = "Pagamentos", "Pagamentos", "{CE3AE171-0602-4530-80FF-420D4F10FC7A}"
EndProject
Project("{2150E333-8FDC-42A3-9474-1A3956D46DE8}") = "Vendas", "Vendas", "{3C74766D-B4B2-4CCD-988B-1B636768C997}"
EndProject
Project("{9A19103F-16F7-4668-BE54-9A1E7A4F7556}") = "NerdStore.Catalogo.Domain", "src\NerdStore.Catalogo.Domain\NerdStore.Catalogo.Domain.csproj", "{5DE07509-C41F-49A3-B788-A698A123C485}"
EndProject
Project("{9A19103F-16F7-4668-BE54-9A1E7A4F7556}") = "NerdStore.Core", "src\NerdStore.Core\NerdStore.Core.csproj", "{105CE363-BB63-4292-B096-43C43A1BB650}"
EndProject
Project("{9A19103F-16F7-4668-BE54-9A1E7A4F7556}") = "NerStore.Catalogo.Domain.Tests", "tests\NerStore.Catalogo.Domain.Tests\NerStore.Catalogo.Domain.Tests.csproj", "{F842AA9B-B3E3-4625-8A11-0C36F9DB1222}"
EndProject
Project("{2150E333-8FDC-42A3-9474-1A3956D46DE8}") = "Tests", "Tests", "{4F26DFCA-7530-4A95-867D-813F714625D1}"
EndProject
Project("{9A19103F-16F7-4668-BE54-9A1E7A4F7556}") = "NerdStore.Catalogo.Data", "src\NerdStore.Catalogo.Data\NerdStore.Catalogo.Data.csproj", "{9FFA3D93-2A1E-4593-A21C-FC8BB72F87F6}"
EndProject
Project("{FAE04EC0-301F-11D3-BF4B-00C04F79EFBC}") = "NerdStore.Catalogo.Application", "src\NerdStore.Catalogo.Application\NerdStore.Catalogo.Application.csproj", "{943AA5DA-D466-4237-9F15-62B669021B46}"
EndProject
Global
	GlobalSection(SolutionConfigurationPlatforms) = preSolution
		Debug|Any CPU = Debug|Any CPU
		Release|Any CPU = Release|Any CPU
	EndGlobalSection
	GlobalSection(ProjectConfigurationPlatforms) = postSolution
		{5DE07509-C41F-49A3-B788-A698A123C485}.Debug|Any CPU.ActiveCfg = Debug|Any CPU
		{5DE07509-C41F-49A3-B788-A698A123C485}.Debug|Any CPU.Build.0 = Debug|Any CPU
		{5DE07509-C41F-49A3-B788-A698A123C485}.Release|Any CPU.ActiveCfg = Release|Any CPU
		{5DE07509-C41F-49A3-B788-A698A123C485}.Release|Any CPU.Build.0 = Release|Any CPU
		{105CE363-BB63-4292-B096-43C43A1BB650}.Debug|Any CPU.ActiveCfg = Debug|Any CPU
		{105CE363-BB63-4292-B096-43C43A1BB650}.Debug|Any CPU.Build.0 = Debug|Any CPU
		{105CE363-BB63-4292-B096-43C43A1BB650}.Release|Any CPU.ActiveCfg = Release|Any CPU
		{105CE363-BB63-4292-B096-43C43A1BB650}.Release|Any CPU.Build.0 = Release|Any CPU
		{F842AA9B-B3E3-4625-8A11-0C36F9DB1222}.Debug|Any CPU.ActiveCfg = Debug|Any CPU
		{F842AA9B-B3E3-4625-8A11-0C36F9DB1222}.Debug|Any CPU.Build.0 = Debug|Any CPU
		{F842AA9B-B3E3-4625-8A11-0C36F9DB1222}.Release|Any CPU.ActiveCfg = Release|Any CPU
		{F842AA9B-B3E3-4625-8A11-0C36F9DB1222}.Release|Any CPU.Build.0 = Release|Any CPU
		{9FFA3D93-2A1E-4593-A21C-FC8BB72F87F6}.Debug|Any CPU.ActiveCfg = Debug|Any CPU
		{9FFA3D93-2A1E-4593-A21C-FC8BB72F87F6}.Debug|Any CPU.Build.0 = Debug|Any CPU
		{9FFA3D93-2A1E-4593-A21C-FC8BB72F87F6}.Release|Any CPU.ActiveCfg = Release|Any CPU
		{9FFA3D93-2A1E-4593-A21C-FC8BB72F87F6}.Release|Any CPU.Build.0 = Release|Any CPU
		{943AA5DA-D466-4237-9F15-62B669021B46}.Debug|Any CPU.ActiveCfg = Debug|Any CPU
		{943AA5DA-D466-4237-9F15-62B669021B46}.Debug|Any CPU.Build.0 = Debug|Any CPU
		{943AA5DA-D466-4237-9F15-62B669021B46}.Release|Any CPU.ActiveCfg = Release|Any CPU
		{943AA5DA-D466-4237-9F15-62B669021B46}.Release|Any CPU.Build.0 = Release|Any CPU
	EndGlobalSection
	GlobalSection(SolutionProperties) = preSolution
		HideSolutionNode = FALSE
	EndGlobalSection
	GlobalSection(NestedProjects) = preSolution
		{D004E2C8-E49A-4E5F-8F74-62F989C332C8} = {12C43D91-FC82-4F5B-AFEC-D8A70E0B9916}
		{2DAD737B-03F8-47CD-AD36-9887A2A3C722} = {12C43D91-FC82-4F5B-AFEC-D8A70E0B9916}
		{AFE22BE1-DDAF-4C71-882F-1744B443696E} = {12C43D91-FC82-4F5B-AFEC-D8A70E0B9916}
		{81A9F6C2-1AE8-4809-A78F-E23016F73B5F} = {12C43D91-FC82-4F5B-AFEC-D8A70E0B9916}
		{CE3AE171-0602-4530-80FF-420D4F10FC7A} = {12C43D91-FC82-4F5B-AFEC-D8A70E0B9916}
		{3C74766D-B4B2-4CCD-988B-1B636768C997} = {12C43D91-FC82-4F5B-AFEC-D8A70E0B9916}
		{5DE07509-C41F-49A3-B788-A698A123C485} = {2DAD737B-03F8-47CD-AD36-9887A2A3C722}
		{105CE363-BB63-4292-B096-43C43A1BB650} = {AFE22BE1-DDAF-4C71-882F-1744B443696E}
		{F842AA9B-B3E3-4625-8A11-0C36F9DB1222} = {4F26DFCA-7530-4A95-867D-813F714625D1}
		{4F26DFCA-7530-4A95-867D-813F714625D1} = {2DAD737B-03F8-47CD-AD36-9887A2A3C722}
		{9FFA3D93-2A1E-4593-A21C-FC8BB72F87F6} = {2DAD737B-03F8-47CD-AD36-9887A2A3C722}
		{943AA5DA-D466-4237-9F15-62B669021B46} = {2DAD737B-03F8-47CD-AD36-9887A2A3C722}
	EndGlobalSection
	GlobalSection(ExtensibilityGlobals) = postSolution
		SolutionGuid = {E259447F-D808-4F5B-8698-C7DBFD42F24A}
	EndGlobalSection
EndGlobal
